// !$*UTF8*$!
{
	archiveVersion = 1;
	classes = {
	};
	objectVersion = 46;
	objects = {

/* Begin PBXBuildFile section */
		251553491B2CD65D0088FD04 /* AppDelegate.swift in Sources */ = {isa = PBXBuildFile; fileRef = 251553481B2CD65D0088FD04 /* AppDelegate.swift */; };
		2515534B1B2CD65D0088FD04 /* ViewController.swift in Sources */ = {isa = PBXBuildFile; fileRef = 2515534A1B2CD65D0088FD04 /* ViewController.swift */; };
		2515534E1B2CD65D0088FD04 /* Main.storyboard in Resources */ = {isa = PBXBuildFile; fileRef = 2515534C1B2CD65D0088FD04 /* Main.storyboard */; };
		251553501B2CD65D0088FD04 /* Images.xcassets in Resources */ = {isa = PBXBuildFile; fileRef = 2515534F1B2CD65D0088FD04 /* Images.xcassets */; };
		251553531B2CD65D0088FD04 /* LaunchScreen.xib in Resources */ = {isa = PBXBuildFile; fileRef = 251553511B2CD65D0088FD04 /* LaunchScreen.xib */; };
		2515535F1B2CD65D0088FD04 /* MobileGoalsTests.swift in Sources */ = {isa = PBXBuildFile; fileRef = 2515535E1B2CD65D0088FD04 /* MobileGoalsTests.swift */; };
		257EB3E61B32114500BEC237 /* Lessons in Resources */ = {isa = PBXBuildFile; fileRef = 257EB3E51B32114500BEC237 /* Lessons */; };
		259969F21B320F5200D49040 /* facebookPaper.png in Resources */ = {isa = PBXBuildFile; fileRef = 259969F11B320F5200D49040 /* facebookPaper.png */; };
		259969F41B320F5800D49040 /* Grass-Jelly-Milk-Tea.png in Resources */ = {isa = PBXBuildFile; fileRef = 259969F31B320F5800D49040 /* Grass-Jelly-Milk-Tea.png */; };
		25A9356C1B3201B4002D13B1 /* Kate.jpg in Resources */ = {isa = PBXBuildFile; fileRef = 25A9356B1B3201B4002D13B1 /* Kate.jpg */; };
		25B485031B3210EB00E90CBF /* mobileGoals.storyboard in Resources */ = {isa = PBXBuildFile; fileRef = 25B485021B3210EB00E90CBF /* mobileGoals.storyboard */; };
/* End PBXBuildFile section */

/* Begin PBXContainerItemProxy section */
		251553591B2CD65D0088FD04 /* PBXContainerItemProxy */ = {
			isa = PBXContainerItemProxy;
			containerPortal = 2515533B1B2CD65D0088FD04 /* Project object */;
			proxyType = 1;
			remoteGlobalIDString = 251553421B2CD65D0088FD04;
			remoteInfo = MobileGoals;
		};
/* End PBXContainerItemProxy section */

/* Begin PBXFileReference section */
		251553431B2CD65D0088FD04 /* MobileGoals.app */ = {isa = PBXFileReference; explicitFileType = wrapper.application; includeInIndex = 0; path = MobileGoals.app; sourceTree = BUILT_PRODUCTS_DIR; };
		251553471B2CD65D0088FD04 /* Info.plist */ = {isa = PBXFileReference; lastKnownFileType = text.plist.xml; path = Info.plist; sourceTree = "<group>"; };
		251553481B2CD65D0088FD04 /* AppDelegate.swift */ = {isa = PBXFileReference; lastKnownFileType = sourcecode.swift; path = AppDelegate.swift; sourceTree = "<group>"; };
		2515534A1B2CD65D0088FD04 /* ViewController.swift */ = {isa = PBXFileReference; lastKnownFileType = sourcecode.swift; path = ViewController.swift; sourceTree = "<group>"; };
		2515534D1B2CD65D0088FD04 /* Base */ = {isa = PBXFileReference; lastKnownFileType = file.storyboard; name = Base; path = Base.lproj/Main.storyboard; sourceTree = "<group>"; };
		2515534F1B2CD65D0088FD04 /* Images.xcassets */ = {isa = PBXFileReference; lastKnownFileType = folder.assetcatalog; path = Images.xcassets; sourceTree = "<group>"; };
		251553521B2CD65D0088FD04 /* Base */ = {isa = PBXFileReference; lastKnownFileType = file.xib; name = Base; path = Base.lproj/LaunchScreen.xib; sourceTree = "<group>"; };
		251553581B2CD65D0088FD04 /* MobileGoalsTests.xctest */ = {isa = PBXFileReference; explicitFileType = wrapper.cfbundle; includeInIndex = 0; path = MobileGoalsTests.xctest; sourceTree = BUILT_PRODUCTS_DIR; };
		2515535D1B2CD65D0088FD04 /* Info.plist */ = {isa = PBXFileReference; lastKnownFileType = text.plist.xml; path = Info.plist; sourceTree = "<group>"; };
		2515535E1B2CD65D0088FD04 /* MobileGoalsTests.swift */ = {isa = PBXFileReference; lastKnownFileType = sourcecode.swift; path = MobileGoalsTests.swift; sourceTree = "<group>"; };
		257EB3E51B32114500BEC237 /* Lessons */ = {isa = PBXFileReference; lastKnownFileType = folder; name = Lessons; path = ../../../Lessons; sourceTree = "<group>"; };
		259969F11B320F5200D49040 /* facebookPaper.png */ = {isa = PBXFileReference; lastKnownFileType = image.png; path = facebookPaper.png; sourceTree = SOURCE_ROOT; };
		259969F31B320F5800D49040 /* Grass-Jelly-Milk-Tea.png */ = {isa = PBXFileReference; lastKnownFileType = image.png; path = "Grass-Jelly-Milk-Tea.png"; sourceTree = SOURCE_ROOT; };
		25A9356B1B3201B4002D13B1 /* Kate.jpg */ = {isa = PBXFileReference; lastKnownFileType = image.jpeg; name = Kate.jpg; path = "../../../../Classwork/Lesson 01/BioApp/Kate.jpg"; sourceTree = "<group>"; };
		25B485021B3210EB00E90CBF /* mobileGoals.storyboard */ = {isa = PBXFileReference; fileEncoding = 4; lastKnownFileType = file.storyboard; name = mobileGoals.storyboard; path = ../../../../../../.Trash/mobileGoals.storyboard; sourceTree = "<group>"; };
/* End PBXFileReference section */

/* Begin PBXFrameworksBuildPhase section */
		251553401B2CD65D0088FD04 /* Frameworks */ = {
			isa = PBXFrameworksBuildPhase;
			buildActionMask = 2147483647;
			files = (
			);
			runOnlyForDeploymentPostprocessing = 0;
		};
		251553551B2CD65D0088FD04 /* Frameworks */ = {
			isa = PBXFrameworksBuildPhase;
			buildActionMask = 2147483647;
			files = (
			);
			runOnlyForDeploymentPostprocessing = 0;
		};
/* End PBXFrameworksBuildPhase section */

/* Begin PBXGroup section */
		2515533A1B2CD65D0088FD04 = {
			isa = PBXGroup;
			children = (
				257EB3E51B32114500BEC237 /* Lessons */,
				251553451B2CD65D0088FD04 /* MobileGoals */,
				2515535B1B2CD65D0088FD04 /* MobileGoalsTests */,
				251553441B2CD65D0088FD04 /* Products */,
				25B485021B3210EB00E90CBF /* mobileGoals.storyboard */,
			);
			sourceTree = "<group>";
		};
		251553441B2CD65D0088FD04 /* Products */ = {
			isa = PBXGroup;
			children = (
				251553431B2CD65D0088FD04 /* MobileGoals.app */,
				251553581B2CD65D0088FD04 /* MobileGoalsTests.xctest */,
			);
			name = Products;
			sourceTree = "<group>";
		};
		251553451B2CD65D0088FD04 /* MobileGoals */ = {
			isa = PBXGroup;
			children = (
				251553481B2CD65D0088FD04 /* AppDelegate.swift */,
				2515534A1B2CD65D0088FD04 /* ViewController.swift */,
				2515534C1B2CD65D0088FD04 /* Main.storyboard */,
				259969F31B320F5800D49040 /* Grass-Jelly-Milk-Tea.png */,
				259969F11B320F5200D49040 /* facebookPaper.png */,
				25A9356B1B3201B4002D13B1 /* Kate.jpg */,
				2515534F1B2CD65D0088FD04 /* Images.xcassets */,
				251553511B2CD65D0088FD04 /* LaunchScreen.xib */,
				251553461B2CD65D0088FD04 /* Supporting Files */,
			);
			path = MobileGoals;
			sourceTree = "<group>";
		};
		251553461B2CD65D0088FD04 /* Supporting Files */ = {
			isa = PBXGroup;
			children = (
				251553471B2CD65D0088FD04 /* Info.plist */,
			);
			name = "Supporting Files";
			sourceTree = "<group>";
		};
		2515535B1B2CD65D0088FD04 /* MobileGoalsTests */ = {
			isa = PBXGroup;
			children = (
				2515535E1B2CD65D0088FD04 /* MobileGoalsTests.swift */,
				2515535C1B2CD65D0088FD04 /* Supporting Files */,
			);
			path = MobileGoalsTests;
			sourceTree = "<group>";
		};
		2515535C1B2CD65D0088FD04 /* Supporting Files */ = {
			isa = PBXGroup;
			children = (
				2515535D1B2CD65D0088FD04 /* Info.plist */,
			);
			name = "Supporting Files";
			sourceTree = "<group>";
		};
/* End PBXGroup section */

/* Begin PBXNativeTarget section */
		251553421B2CD65D0088FD04 /* MobileGoals */ = {
			isa = PBXNativeTarget;
			buildConfigurationList = 251553621B2CD65D0088FD04 /* Build configuration list for PBXNativeTarget "MobileGoals" */;
			buildPhases = (
				2515533F1B2CD65D0088FD04 /* Sources */,
				251553401B2CD65D0088FD04 /* Frameworks */,
				251553411B2CD65D0088FD04 /* Resources */,
			);
			buildRules = (
			);
			dependencies = (
			);
			name = MobileGoals;
			productName = MobileGoals;
			productReference = 251553431B2CD65D0088FD04 /* MobileGoals.app */;
			productType = "com.apple.product-type.application";
		};
		251553571B2CD65D0088FD04 /* MobileGoalsTests */ = {
			isa = PBXNativeTarget;
			buildConfigurationList = 251553651B2CD65D0088FD04 /* Build configuration list for PBXNativeTarget "MobileGoalsTests" */;
			buildPhases = (
				251553541B2CD65D0088FD04 /* Sources */,
				251553551B2CD65D0088FD04 /* Frameworks */,
				251553561B2CD65D0088FD04 /* Resources */,
			);
			buildRules = (
			);
			dependencies = (
				2515535A1B2CD65D0088FD04 /* PBXTargetDependency */,
			);
			name = MobileGoalsTests;
			productName = MobileGoalsTests;
			productReference = 251553581B2CD65D0088FD04 /* MobileGoalsTests.xctest */;
			productType = "com.apple.product-type.bundle.unit-test";
		};
/* End PBXNativeTarget section */

/* Begin PBXProject section */
		2515533B1B2CD65D0088FD04 /* Project object */ = {
			isa = PBXProject;
			attributes = {
				LastUpgradeCheck = 0630;
				ORGANIZATIONNAME = FRANMAR;
				TargetAttributes = {
					251553421B2CD65D0088FD04 = {
						CreatedOnToolsVersion = 6.3.2;
					};
					251553571B2CD65D0088FD04 = {
						CreatedOnToolsVersion = 6.3.2;
						TestTargetID = 251553421B2CD65D0088FD04;
					};
				};
			};
			buildConfigurationList = 2515533E1B2CD65D0088FD04 /* Build configuration list for PBXProject "MobileGoals" */;
			compatibilityVersion = "Xcode 3.2";
			developmentRegion = English;
			hasScannedForEncodings = 0;
			knownRegions = (
				en,
				Base,
			);
			mainGroup = 2515533A1B2CD65D0088FD04;
			productRefGroup = 251553441B2CD65D0088FD04 /* Products */;
			projectDirPath = "";
			projectRoot = "";
			targets = (
				251553421B2CD65D0088FD04 /* MobileGoals */,
				251553571B2CD65D0088FD04 /* MobileGoalsTests */,
			);
		};
/* End PBXProject section */

/* Begin PBXResourcesBuildPhase section */
		251553411B2CD65D0088FD04 /* Resources */ = {
			isa = PBXResourcesBuildPhase;
			buildActionMask = 2147483647;
			files = (
				25A9356C1B3201B4002D13B1 /* Kate.jpg in Resources */,
				259969F41B320F5800D49040 /* Grass-Jelly-Milk-Tea.png in Resources */,
				2515534E1B2CD65D0088FD04 /* Main.storyboard in Resources */,
				257EB3E61B32114500BEC237 /* Lessons in Resources */,
				25B485031B3210EB00E90CBF /* mobileGoals.storyboard in Resources */,
				251553531B2CD65D0088FD04 /* LaunchScreen.xib in Resources */,
				251553501B2CD65D0088FD04 /* Images.xcassets in Resources */,
				259969F21B320F5200D49040 /* facebookPaper.png in Resources */,
			);
			runOnlyForDeploymentPostprocessing = 0;
		};
		251553561B2CD65D0088FD04 /* Resources */ = {
			isa = PBXResourcesBuildPhase;
			buildActionMask = 2147483647;
			files = (
			);
			runOnlyForDeploymentPostprocessing = 0;
		};
/* End PBXResourcesBuildPhase section */

/* Begin PBXSourcesBuildPhase section */
		2515533F1B2CD65D0088FD04 /* Sources */ = {
			isa = PBXSourcesBuildPhase;
			buildActionMask = 2147483647;
			files = (
				2515534B1B2CD65D0088FD04 /* ViewController.swift in Sources */,
				251553491B2CD65D0088FD04 /* AppDelegate.swift in Sources */,
			);
			runOnlyForDeploymentPostprocessing = 0;
		};
		251553541B2CD65D0088FD04 /* Sources */ = {
			isa = PBXSourcesBuildPhase;
			buildActionMask = 2147483647;
			files = (
				2515535F1B2CD65D0088FD04 /* MobileGoalsTests.swift in Sources */,
			);
			runOnlyForDeploymentPostprocessing = 0;
		};
/* End PBXSourcesBuildPhase section */

/* Begin PBXTargetDependency section */
		2515535A1B2CD65D0088FD04 /* PBXTargetDependency */ = {
			isa = PBXTargetDependency;
			target = 251553421B2CD65D0088FD04 /* MobileGoals */;
			targetProxy = 251553591B2CD65D0088FD04 /* PBXContainerItemProxy */;
		};
/* End PBXTargetDependency section */

/* Begin PBXVariantGroup section */
		2515534C1B2CD65D0088FD04 /* Main.storyboard */ = {
			isa = PBXVariantGroup;
			children = (
				2515534D1B2CD65D0088FD04 /* Base */,
			);
			name = Main.storyboard;
			sourceTree = "<group>";
		};
		251553511B2CD65D0088FD04 /* LaunchScreen.xib */ = {
			isa = PBXVariantGroup;
			children = (
				251553521B2CD65D0088FD04 /* Base */,
			);
			name = LaunchScreen.xib;
			sourceTree = "<group>";
		};
/* End PBXVariantGroup section */

/* Begin XCBuildConfiguration section */
		251553601B2CD65D0088FD04 /* Debug */ = {
			isa = XCBuildConfiguration;
			buildSettings = {
				ALWAYS_SEARCH_USER_PATHS = NO;
				CLANG_CXX_LANGUAGE_STANDARD = "gnu++0x";
				CLANG_CXX_LIBRARY = "libc++";
				CLANG_ENABLE_MODULES = YES;
				CLANG_ENABLE_OBJC_ARC = YES;
				CLANG_WARN_BOOL_CONVERSION = YES;
				CLANG_WARN_CONSTANT_CONVERSION = YES;
				CLANG_WARN_DIRECT_OBJC_ISA_USAGE = YES_ERROR;
				CLANG_WARN_EMPTY_BODY = YES;
				CLANG_WARN_ENUM_CONVERSION = YES;
				CLANG_WARN_INT_CONVERSION = YES;
				CLANG_WARN_OBJC_ROOT_CLASS = YES_ERROR;
				CLANG_WARN_UNREACHABLE_CODE = YES;
				CLANG_WARN__DUPLICATE_METHOD_MATCH = YES;
				"CODE_SIGN_IDENTITY[sdk=iphoneos*]" = "iPhone Developer";
				COPY_PHASE_STRIP = NO;
				DEBUG_INFORMATION_FORMAT = "dwarf-with-dsym";
				ENABLE_STRICT_OBJC_MSGSEND = YES;
				GCC_C_LANGUAGE_STANDARD = gnu99;
				GCC_DYNAMIC_NO_PIC = NO;
				GCC_NO_COMMON_BLOCKS = YES;
				GCC_OPTIMIZATION_LEVEL = 0;
				GCC_PREPROCESSOR_DEFINITIONS = (
					"DEBUG=1",
					"$(inherited)",
				);
				GCC_SYMBOLS_PRIVATE_EXTERN = NO;
				GCC_WARN_64_TO_32_BIT_CONVERSION = YES;
				GCC_WARN_ABOUT_RETURN_TYPE = YES_ERROR;
				GCC_WARN_UNDECLARED_SELECTOR = YES;
				GCC_WARN_UNINITIALIZED_AUTOS = YES_AGGRESSIVE;
				GCC_WARN_UNUSED_FUNCTION = YES;
				GCC_WARN_UNUSED_VARIABLE = YES;
				IPHONEOS_DEPLOYMENT_TARGET = 8.3;
				MTL_ENABLE_DEBUG_INFO = YES;
				ONLY_ACTIVE_ARCH = YES;
				SDKROOT = iphoneos;
				SWIFT_OPTIMIZATION_LEVEL = "-Onone";
			};
			name = Debug;
		};
		251553611B2CD65D0088FD04 /* Release */ = {
			isa = XCBuildConfiguration;
			buildSettings = {
				ALWAYS_SEARCH_USER_PATHS = NO;
				CLANG_CXX_LANGUAGE_STANDARD = "gnu++0x";
				CLANG_CXX_LIBRARY = "libc++";
				CLANG_ENABLE_MODULES = YES;
				CLANG_ENABLE_OBJC_ARC = YES;
				CLANG_WARN_BOOL_CONVERSION = YES;
				CLANG_WARN_CONSTANT_CONVERSION = YES;
				CLANG_WARN_DIRECT_OBJC_ISA_USAGE = YES_ERROR;
				CLANG_WARN_EMPTY_BODY = YES;
				CLANG_WARN_ENUM_CONVERSION = YES;
				CLANG_WARN_INT_CONVERSION = YES;
				CLANG_WARN_OBJC_ROOT_CLASS = YES_ERROR;
				CLANG_WARN_UNREACHABLE_CODE = YES;
				CLANG_WARN__DUPLICATE_METHOD_MATCH = YES;
				"CODE_SIGN_IDENTITY[sdk=iphoneos*]" = "iPhone Developer";
				COPY_PHASE_STRIP = NO;
				DEBUG_INFORMATION_FORMAT = "dwarf-with-dsym";
				ENABLE_NS_ASSERTIONS = NO;
				ENABLE_STRICT_OBJC_MSGSEND = YES;
				GCC_C_LANGUAGE_STANDARD = gnu99;
				GCC_NO_COMMON_BLOCKS = YES;
				GCC_WARN_64_TO_32_BIT_CONVERSION = YES;
				GCC_WARN_ABOUT_RETURN_TYPE = YES_ERROR;
				GCC_WARN_UNDECLARED_SELECTOR = YES;
				GCC_WARN_UNINITIALIZED_AUTOS = YES_AGGRESSIVE;
				GCC_WARN_UNUSED_FUNCTION = YES;
				GCC_WARN_UNUSED_VARIABLE = YES;
				IPHONEOS_DEPLOYMENT_TARGET = 8.3;
				MTL_ENABLE_DEBUG_INFO = NO;
				SDKROOT = iphoneos;
				VALIDATE_PRODUCT = YES;
			};
			name = Release;
		};
		251553631B2CD65D0088FD04 /* Debug */ = {
			isa = XCBuildConfiguration;
			buildSettings = {
				ASSETCATALOG_COMPILER_APPICON_NAME = AppIcon;
				INFOPLIST_FILE = MobileGoals/Info.plist;
				LD_RUNPATH_SEARCH_PATHS = "$(inherited) @executable_path/Frameworks";
				PRODUCT_NAME = "$(TARGET_NAME)";
			};
			name = Debug;
		};
		251553641B2CD65D0088FD04 /* Release */ = {
			isa = XCBuildConfiguration;
			buildSettings = {
				ASSETCATALOG_COMPILER_APPICON_NAME = AppIcon;
				INFOPLIST_FILE = MobileGoals/Info.plist;
				LD_RUNPATH_SEARCH_PATHS = "$(inherited) @executable_path/Frameworks";
				PRODUCT_NAME = "$(TARGET_NAME)";
			};
			name = Release;
		};
		251553661B2CD65D0088FD04 /* Debug */ = {
			isa = XCBuildConfiguration;
			buildSettings = {
				BUNDLE_LOADER = "$(TEST_HOST)";
				FRAMEWORK_SEARCH_PATHS = (
					"$(SDKROOT)/Developer/Library/Frameworks",
					"$(inherited)",
				);
				GCC_PREPROCESSOR_DEFINITIONS = (
					"DEBUG=1",
					"$(inherited)",
				);
				INFOPLIST_FILE = MobileGoalsTests/Info.plist;
				LD_RUNPATH_SEARCH_PATHS = "$(inherited) @executable_path/Frameworks @loader_path/Frameworks";
				PRODUCT_NAME = "$(TARGET_NAME)";
				TEST_HOST = "$(BUILT_PRODUCTS_DIR)/MobileGoals.app/MobileGoals";
			};
			name = Debug;
		};
		251553671B2CD65D0088FD04 /* Release */ = {
			isa = XCBuildConfiguration;
			buildSettings = {
				BUNDLE_LOADER = "$(TEST_HOST)";
				FRAMEWORK_SEARCH_PATHS = (
					"$(SDKROOT)/Developer/Library/Frameworks",
					"$(inherited)",
				);
				INFOPLIST_FILE = MobileGoalsTests/Info.plist;
				LD_RUNPATH_SEARCH_PATHS = "$(inherited) @executable_path/Frameworks @loader_path/Frameworks";
				PRODUCT_NAME = "$(TARGET_NAME)";
				TEST_HOST = "$(BUILT_PRODUCTS_DIR)/MobileGoals.app/MobileGoals";
			};
			name = Release;
		};
/* End XCBuildConfiguration section */

/* Begin XCConfigurationList section */
		2515533E1B2CD65D0088FD04 /* Build configuration list for PBXProject "MobileGoals" */ = {
			isa = XCConfigurationList;
			buildConfigurations = (
				251553601B2CD65D0088FD04 /* Debug */,
				251553611B2CD65D0088FD04 /* Release */,
			);
			defaultConfigurationIsVisible = 0;
			defaultConfigurationName = Release;
		};
		251553621B2CD65D0088FD04 /* Build configuration list for PBXNativeTarget "MobileGoals" */ = {
			isa = XCConfigurationList;
			buildConfigurations = (
				251553631B2CD65D0088FD04 /* Debug */,
				251553641B2CD65D0088FD04 /* Release */,
			);
			defaultConfigurationIsVisible = 0;
			defaultConfigurationName = Release;
		};
		251553651B2CD65D0088FD04 /* Build configuration list for PBXNativeTarget "MobileGoalsTests" */ = {
			isa = XCConfigurationList;
			buildConfigurations = (
				251553661B2CD65D0088FD04 /* Debug */,
				251553671B2CD65D0088FD04 /* Release */,
			);
			defaultConfigurationIsVisible = 0;
			defaultConfigurationName = Release;
		};
/* End XCConfigurationList section */
	};
	rootObject = 2515533B1B2CD65D0088FD04 /* Project object */;
}
