// !$*UTF8*$!
{
	archiveVersion = 1;
	classes = {
	};
	objectVersion = 46;
	objects = {

/* Begin PBXBuildFile section */
		25C6FD2B1B41F43200607484 /* AppDelegate.swift in Sources */ = {isa = PBXBuildFile; fileRef = 25C6FD2A1B41F43200607484 /* AppDelegate.swift */; };
		25C6FD2D1B41F43200607484 /* ViewController.swift in Sources */ = {isa = PBXBuildFile; fileRef = 25C6FD2C1B41F43200607484 /* ViewController.swift */; };
		25C6FD301B41F43200607484 /* Main.storyboard in Resources */ = {isa = PBXBuildFile; fileRef = 25C6FD2E1B41F43200607484 /* Main.storyboard */; };
		25C6FD321B41F43200607484 /* Images.xcassets in Resources */ = {isa = PBXBuildFile; fileRef = 25C6FD311B41F43200607484 /* Images.xcassets */; };
		25C6FD351B41F43200607484 /* LaunchScreen.xib in Resources */ = {isa = PBXBuildFile; fileRef = 25C6FD331B41F43200607484 /* LaunchScreen.xib */; };
		25C6FD411B41F43200607484 /* Week2_HomeworkTests.swift in Sources */ = {isa = PBXBuildFile; fileRef = 25C6FD401B41F43200607484 /* Week2_HomeworkTests.swift */; };
/* End PBXBuildFile section */

/* Begin PBXContainerItemProxy section */
		25C6FD3B1B41F43200607484 /* PBXContainerItemProxy */ = {
			isa = PBXContainerItemProxy;
			containerPortal = 25C6FD1D1B41F43200607484 /* Project object */;
			proxyType = 1;
			remoteGlobalIDString = 25C6FD241B41F43200607484;
			remoteInfo = "Week2 Homework";
		};
/* End PBXContainerItemProxy section */

/* Begin PBXFileReference section */
		25C6FD251B41F43200607484 /* Week2 Homework.app */ = {isa = PBXFileReference; explicitFileType = wrapper.application; includeInIndex = 0; path = "Week2 Homework.app"; sourceTree = BUILT_PRODUCTS_DIR; };
		25C6FD291B41F43200607484 /* Info.plist */ = {isa = PBXFileReference; lastKnownFileType = text.plist.xml; path = Info.plist; sourceTree = "<group>"; };
		25C6FD2A1B41F43200607484 /* AppDelegate.swift */ = {isa = PBXFileReference; lastKnownFileType = sourcecode.swift; path = AppDelegate.swift; sourceTree = "<group>"; };
		25C6FD2C1B41F43200607484 /* ViewController.swift */ = {isa = PBXFileReference; lastKnownFileType = sourcecode.swift; path = ViewController.swift; sourceTree = "<group>"; };
		25C6FD2F1B41F43200607484 /* Base */ = {isa = PBXFileReference; lastKnownFileType = file.storyboard; name = Base; path = Base.lproj/Main.storyboard; sourceTree = "<group>"; };
		25C6FD311B41F43200607484 /* Images.xcassets */ = {isa = PBXFileReference; lastKnownFileType = folder.assetcatalog; path = Images.xcassets; sourceTree = "<group>"; };
		25C6FD341B41F43200607484 /* Base */ = {isa = PBXFileReference; lastKnownFileType = file.xib; name = Base; path = Base.lproj/LaunchScreen.xib; sourceTree = "<group>"; };
		25C6FD3A1B41F43200607484 /* Week2 HomeworkTests.xctest */ = {isa = PBXFileReference; explicitFileType = wrapper.cfbundle; includeInIndex = 0; path = "Week2 HomeworkTests.xctest"; sourceTree = BUILT_PRODUCTS_DIR; };
		25C6FD3F1B41F43200607484 /* Info.plist */ = {isa = PBXFileReference; lastKnownFileType = text.plist.xml; path = Info.plist; sourceTree = "<group>"; };
		25C6FD401B41F43200607484 /* Week2_HomeworkTests.swift */ = {isa = PBXFileReference; lastKnownFileType = sourcecode.swift; path = Week2_HomeworkTests.swift; sourceTree = "<group>"; };
/* End PBXFileReference section */

/* Begin PBXFrameworksBuildPhase section */
		25C6FD221B41F43200607484 /* Frameworks */ = {
			isa = PBXFrameworksBuildPhase;
			buildActionMask = 2147483647;
			files = (
			);
			runOnlyForDeploymentPostprocessing = 0;
		};
		25C6FD371B41F43200607484 /* Frameworks */ = {
			isa = PBXFrameworksBuildPhase;
			buildActionMask = 2147483647;
			files = (
			);
			runOnlyForDeploymentPostprocessing = 0;
		};
/* End PBXFrameworksBuildPhase section */

/* Begin PBXGroup section */
		25C6FD1C1B41F43200607484 = {
			isa = PBXGroup;
			children = (
				25C6FD271B41F43200607484 /* Week2 Homework */,
				25C6FD3D1B41F43200607484 /* Week2 HomeworkTests */,
				25C6FD261B41F43200607484 /* Products */,
			);
			sourceTree = "<group>";
		};
		25C6FD261B41F43200607484 /* Products */ = {
			isa = PBXGroup;
			children = (
				25C6FD251B41F43200607484 /* Week2 Homework.app */,
				25C6FD3A1B41F43200607484 /* Week2 HomeworkTests.xctest */,
			);
			name = Products;
			sourceTree = "<group>";
		};
		25C6FD271B41F43200607484 /* Week2 Homework */ = {
			isa = PBXGroup;
			children = (
				25C6FD2A1B41F43200607484 /* AppDelegate.swift */,
				25C6FD2C1B41F43200607484 /* ViewController.swift */,
				25C6FD2E1B41F43200607484 /* Main.storyboard */,
				25C6FD311B41F43200607484 /* Images.xcassets */,
				25C6FD331B41F43200607484 /* LaunchScreen.xib */,
				25C6FD281B41F43200607484 /* Supporting Files */,
			);
			path = "Week2 Homework";
			sourceTree = "<group>";
		};
		25C6FD281B41F43200607484 /* Supporting Files */ = {
			isa = PBXGroup;
			children = (
				25C6FD291B41F43200607484 /* Info.plist */,
			);
			name = "Supporting Files";
			sourceTree = "<group>";
		};
		25C6FD3D1B41F43200607484 /* Week2 HomeworkTests */ = {
			isa = PBXGroup;
			children = (
				25C6FD401B41F43200607484 /* Week2_HomeworkTests.swift */,
				25C6FD3E1B41F43200607484 /* Supporting Files */,
			);
			path = "Week2 HomeworkTests";
			sourceTree = "<group>";
		};
		25C6FD3E1B41F43200607484 /* Supporting Files */ = {
			isa = PBXGroup;
			children = (
				25C6FD3F1B41F43200607484 /* Info.plist */,
			);
			name = "Supporting Files";
			sourceTree = "<group>";
		};
/* End PBXGroup section */

/* Begin PBXNativeTarget section */
		25C6FD241B41F43200607484 /* Week2 Homework */ = {
			isa = PBXNativeTarget;
			buildConfigurationList = 25C6FD441B41F43200607484 /* Build configuration list for PBXNativeTarget "Week2 Homework" */;
			buildPhases = (
				25C6FD211B41F43200607484 /* Sources */,
				25C6FD221B41F43200607484 /* Frameworks */,
				25C6FD231B41F43200607484 /* Resources */,
			);
			buildRules = (
			);
			dependencies = (
			);
			name = "Week2 Homework";
			productName = "Week2 Homework";
			productReference = 25C6FD251B41F43200607484 /* Week2 Homework.app */;
			productType = "com.apple.product-type.application";
		};
		25C6FD391B41F43200607484 /* Week2 HomeworkTests */ = {
			isa = PBXNativeTarget;
			buildConfigurationList = 25C6FD471B41F43200607484 /* Build configuration list for PBXNativeTarget "Week2 HomeworkTests" */;
			buildPhases = (
				25C6FD361B41F43200607484 /* Sources */,
				25C6FD371B41F43200607484 /* Frameworks */,
				25C6FD381B41F43200607484 /* Resources */,
			);
			buildRules = (
			);
			dependencies = (
				25C6FD3C1B41F43200607484 /* PBXTargetDependency */,
			);
			name = "Week2 HomeworkTests";
			productName = "Week2 HomeworkTests";
			productReference = 25C6FD3A1B41F43200607484 /* Week2 HomeworkTests.xctest */;
			productType = "com.apple.product-type.bundle.unit-test";
		};
/* End PBXNativeTarget section */

/* Begin PBXProject section */
		25C6FD1D1B41F43200607484 /* Project object */ = {
			isa = PBXProject;
			attributes = {
				LastUpgradeCheck = 0630;
				ORGANIZATIONNAME = FRANMAR;
				TargetAttributes = {
					25C6FD241B41F43200607484 = {
						CreatedOnToolsVersion = 6.3.2;
					};
					25C6FD391B41F43200607484 = {
						CreatedOnToolsVersion = 6.3.2;
						TestTargetID = 25C6FD241B41F43200607484;
					};
				};
			};
			buildConfigurationList = 25C6FD201B41F43200607484 /* Build configuration list for PBXProject "Week2 Homework" */;
			compatibilityVersion = "Xcode 3.2";
			developmentRegion = English;
			hasScannedForEncodings = 0;
			knownRegions = (
				en,
				Base,
			);
			mainGroup = 25C6FD1C1B41F43200607484;
			productRefGroup = 25C6FD261B41F43200607484 /* Products */;
			projectDirPath = "";
			projectRoot = "";
			targets = (
				25C6FD241B41F43200607484 /* Week2 Homework */,
				25C6FD391B41F43200607484 /* Week2 HomeworkTests */,
			);
		};
/* End PBXProject section */

/* Begin PBXResourcesBuildPhase section */
		25C6FD231B41F43200607484 /* Resources */ = {
			isa = PBXResourcesBuildPhase;
			buildActionMask = 2147483647;
			files = (
				25C6FD301B41F43200607484 /* Main.storyboard in Resources */,
				25C6FD351B41F43200607484 /* LaunchScreen.xib in Resources */,
				25C6FD321B41F43200607484 /* Images.xcassets in Resources */,
			);
			runOnlyForDeploymentPostprocessing = 0;
		};
		25C6FD381B41F43200607484 /* Resources */ = {
			isa = PBXResourcesBuildPhase;
			buildActionMask = 2147483647;
			files = (
			);
			runOnlyForDeploymentPostprocessing = 0;
		};
/* End PBXResourcesBuildPhase section */

/* Begin PBXSourcesBuildPhase section */
		25C6FD211B41F43200607484 /* Sources */ = {
			isa = PBXSourcesBuildPhase;
			buildActionMask = 2147483647;
			files = (
				25C6FD2D1B41F43200607484 /* ViewController.swift in Sources */,
				25C6FD2B1B41F43200607484 /* AppDelegate.swift in Sources */,
			);
			runOnlyForDeploymentPostprocessing = 0;
		};
		25C6FD361B41F43200607484 /* Sources */ = {
			isa = PBXSourcesBuildPhase;
			buildActionMask = 2147483647;
			files = (
				25C6FD411B41F43200607484 /* Week2_HomeworkTests.swift in Sources */,
			);
			runOnlyForDeploymentPostprocessing = 0;
		};
/* End PBXSourcesBuildPhase section */

/* Begin PBXTargetDependency section */
		25C6FD3C1B41F43200607484 /* PBXTargetDependency */ = {
			isa = PBXTargetDependency;
			target = 25C6FD241B41F43200607484 /* Week2 Homework */;
			targetProxy = 25C6FD3B1B41F43200607484 /* PBXContainerItemProxy */;
		};
/* End PBXTargetDependency section */

/* Begin PBXVariantGroup section */
		25C6FD2E1B41F43200607484 /* Main.storyboard */ = {
			isa = PBXVariantGroup;
			children = (
				25C6FD2F1B41F43200607484 /* Base */,
			);
			name = Main.storyboard;
			sourceTree = "<group>";
		};
		25C6FD331B41F43200607484 /* LaunchScreen.xib */ = {
			isa = PBXVariantGroup;
			children = (
				25C6FD341B41F43200607484 /* Base */,
			);
			name = LaunchScreen.xib;
			sourceTree = "<group>";
		};
/* End PBXVariantGroup section */

/* Begin XCBuildConfiguration section */
		25C6FD421B41F43200607484 /* Debug */ = {
			isa = XCBuildConfiguration;
			buildSettings = {
				ALWAYS_SEARCH_USER_PATHS = NO;
				CLANG_CXX_LANGUAGE_STANDARD = "gnu++0x";
				CLANG_CXX_LIBRARY = "libc++";
				CLANG_ENABLE_MODULES = YES;
				CLANG_ENABLE_OBJC_ARC = YES;
				CLANG_WARN_BOOL_CONVERSION = YES;
				CLANG_WARN_CONSTANT_CONVERSION = YES;
				CLANG_WARN_DIRECT_OBJC_ISA_USAGE = YES_ERROR;
				CLANG_WARN_EMPTY_BODY = YES;
				CLANG_WARN_ENUM_CONVERSION = YES;
				CLANG_WARN_INT_CONVERSION = YES;
				CLANG_WARN_OBJC_ROOT_CLASS = YES_ERROR;
				CLANG_WARN_UNREACHABLE_CODE = YES;
				CLANG_WARN__DUPLICATE_METHOD_MATCH = YES;
				"CODE_SIGN_IDENTITY[sdk=iphoneos*]" = "iPhone Developer";
				COPY_PHASE_STRIP = NO;
				DEBUG_INFORMATION_FORMAT = "dwarf-with-dsym";
				ENABLE_STRICT_OBJC_MSGSEND = YES;
				GCC_C_LANGUAGE_STANDARD = gnu99;
				GCC_DYNAMIC_NO_PIC = NO;
				GCC_NO_COMMON_BLOCKS = YES;
				GCC_OPTIMIZATION_LEVEL = 0;
				GCC_PREPROCESSOR_DEFINITIONS = (
					"DEBUG=1",
					"$(inherited)",
				);
				GCC_SYMBOLS_PRIVATE_EXTERN = NO;
				GCC_WARN_64_TO_32_BIT_CONVERSION = YES;
				GCC_WARN_ABOUT_RETURN_TYPE = YES_ERROR;
				GCC_WARN_UNDECLARED_SELECTOR = YES;
				GCC_WARN_UNINITIALIZED_AUTOS = YES_AGGRESSIVE;
				GCC_WARN_UNUSED_FUNCTION = YES;
				GCC_WARN_UNUSED_VARIABLE = YES;
				IPHONEOS_DEPLOYMENT_TARGET = 8.3;
				MTL_ENABLE_DEBUG_INFO = YES;
				ONLY_ACTIVE_ARCH = YES;
				SDKROOT = iphoneos;
				SWIFT_OPTIMIZATION_LEVEL = "-Onone";
			};
			name = Debug;
		};
		25C6FD431B41F43200607484 /* Release */ = {
			isa = XCBuildConfiguration;
			buildSettings = {
				ALWAYS_SEARCH_USER_PATHS = NO;
				CLANG_CXX_LANGUAGE_STANDARD = "gnu++0x";
				CLANG_CXX_LIBRARY = "libc++";
				CLANG_ENABLE_MODULES = YES;
				CLANG_ENABLE_OBJC_ARC = YES;
				CLANG_WARN_BOOL_CONVERSION = YES;
				CLANG_WARN_CONSTANT_CONVERSION = YES;
				CLANG_WARN_DIRECT_OBJC_ISA_USAGE = YES_ERROR;
				CLANG_WARN_EMPTY_BODY = YES;
				CLANG_WARN_ENUM_CONVERSION = YES;
				CLANG_WARN_INT_CONVERSION = YES;
				CLANG_WARN_OBJC_ROOT_CLASS = YES_ERROR;
				CLANG_WARN_UNREACHABLE_CODE = YES;
				CLANG_WARN__DUPLICATE_METHOD_MATCH = YES;
				"CODE_SIGN_IDENTITY[sdk=iphoneos*]" = "iPhone Developer";
				COPY_PHASE_STRIP = NO;
				DEBUG_INFORMATION_FORMAT = "dwarf-with-dsym";
				ENABLE_NS_ASSERTIONS = NO;
				ENABLE_STRICT_OBJC_MSGSEND = YES;
				GCC_C_LANGUAGE_STANDARD = gnu99;
				GCC_NO_COMMON_BLOCKS = YES;
				GCC_WARN_64_TO_32_BIT_CONVERSION = YES;
				GCC_WARN_ABOUT_RETURN_TYPE = YES_ERROR;
				GCC_WARN_UNDECLARED_SELECTOR = YES;
				GCC_WARN_UNINITIALIZED_AUTOS = YES_AGGRESSIVE;
				GCC_WARN_UNUSED_FUNCTION = YES;
				GCC_WARN_UNUSED_VARIABLE = YES;
				IPHONEOS_DEPLOYMENT_TARGET = 8.3;
				MTL_ENABLE_DEBUG_INFO = NO;
				SDKROOT = iphoneos;
				VALIDATE_PRODUCT = YES;
			};
			name = Release;
		};
		25C6FD451B41F43200607484 /* Debug */ = {
			isa = XCBuildConfiguration;
			buildSettings = {
				ASSETCATALOG_COMPILER_APPICON_NAME = AppIcon;
				INFOPLIST_FILE = "Week2 Homework/Info.plist";
				LD_RUNPATH_SEARCH_PATHS = "$(inherited) @executable_path/Frameworks";
				PRODUCT_NAME = "$(TARGET_NAME)";
			};
			name = Debug;
		};
		25C6FD461B41F43200607484 /* Release */ = {
			isa = XCBuildConfiguration;
			buildSettings = {
				ASSETCATALOG_COMPILER_APPICON_NAME = AppIcon;
				INFOPLIST_FILE = "Week2 Homework/Info.plist";
				LD_RUNPATH_SEARCH_PATHS = "$(inherited) @executable_path/Frameworks";
				PRODUCT_NAME = "$(TARGET_NAME)";
			};
			name = Release;
		};
		25C6FD481B41F43200607484 /* Debug */ = {
			isa = XCBuildConfiguration;
			buildSettings = {
				BUNDLE_LOADER = "$(TEST_HOST)";
				FRAMEWORK_SEARCH_PATHS = (
					"$(SDKROOT)/Developer/Library/Frameworks",
					"$(inherited)",
				);
				GCC_PREPROCESSOR_DEFINITIONS = (
					"DEBUG=1",
					"$(inherited)",
				);
				INFOPLIST_FILE = "Week2 HomeworkTests/Info.plist";
				LD_RUNPATH_SEARCH_PATHS = "$(inherited) @executable_path/Frameworks @loader_path/Frameworks";
				PRODUCT_NAME = "$(TARGET_NAME)";
				TEST_HOST = "$(BUILT_PRODUCTS_DIR)/Week2 Homework.app/Week2 Homework";
			};
			name = Debug;
		};
		25C6FD491B41F43200607484 /* Release */ = {
			isa = XCBuildConfiguration;
			buildSettings = {
				BUNDLE_LOADER = "$(TEST_HOST)";
				FRAMEWORK_SEARCH_PATHS = (
					"$(SDKROOT)/Developer/Library/Frameworks",
					"$(inherited)",
				);
				INFOPLIST_FILE = "Week2 HomeworkTests/Info.plist";
				LD_RUNPATH_SEARCH_PATHS = "$(inherited) @executable_path/Frameworks @loader_path/Frameworks";
				PRODUCT_NAME = "$(TARGET_NAME)";
				TEST_HOST = "$(BUILT_PRODUCTS_DIR)/Week2 Homework.app/Week2 Homework";
			};
			name = Release;
		};
/* End XCBuildConfiguration section */

/* Begin XCConfigurationList section */
		25C6FD201B41F43200607484 /* Build configuration list for PBXProject "Week2 Homework" */ = {
			isa = XCConfigurationList;
			buildConfigurations = (
				25C6FD421B41F43200607484 /* Debug */,
				25C6FD431B41F43200607484 /* Release */,
			);
			defaultConfigurationIsVisible = 0;
			defaultConfigurationName = Release;
		};
		25C6FD441B41F43200607484 /* Build configuration list for PBXNativeTarget "Week2 Homework" */ = {
			isa = XCConfigurationList;
			buildConfigurations = (
				25C6FD451B41F43200607484 /* Debug */,
				25C6FD461B41F43200607484 /* Release */,
			);
			defaultConfigurationIsVisible = 0;
		};
		25C6FD471B41F43200607484 /* Build configuration list for PBXNativeTarget "Week2 HomeworkTests" */ = {
			isa = XCConfigurationList;
			buildConfigurations = (
				25C6FD481B41F43200607484 /* Debug */,
				25C6FD491B41F43200607484 /* Release */,
			);
			defaultConfigurationIsVisible = 0;
		};
/* End XCConfigurationList section */
	};
	rootObject = 25C6FD1D1B41F43200607484 /* Project object */;
}
